
Microsoft Visual Studio Solution File, Format Version 12.00
# Visual Studio 15
VisualStudioVersion = 15.0.28307.271
MinimumVisualStudioVersion = 10.0.40219.1
Project("{8BC9CEB8-8B4A-11D0-8D11-00A0C91BC942}") = "RPG-Project", "RPG-Project\RPG-Project.vcxproj", "{9F100428-3432-4874-80DE-C05B77FC8489}"
EndProject
Global
	GlobalSection(SolutionConfigurationPlatforms) = preSolution
		Debug|x64 = Debug|x64
		Debug|x86 = Debug|x86
		Release|x64 = Release|x64
		Release|x86 = Release|x86
	EndGlobalSection
	GlobalSection(ProjectConfigurationPlatforms) = postSolution
		{9F100428-3432-4874-80DE-C05B77FC8489}.Debug|x64.ActiveCfg = Debug|x64
		{9F100428-3432-4874-80DE-C05B77FC8489}.Debug|x64.Build.0 = Debug|x64
		{9F100428-3432-4874-80DE-C05B77FC8489}.Debug|x86.ActiveCfg = Debug|Win32
		{9F100428-3432-4874-80DE-C05B77FC8489}.Debug|x86.Build.0 = Debug|Win32
		{9F100428-3432-4874-80DE-C05B77FC8489}.Release|x64.ActiveCfg = Release|x64
		{9F100428-3432-4874-80DE-C05B77FC8489}.Release|x64.Build.0 = Release|x64
		{9F100428-3432-4874-80DE-C05B77FC8489}.Release|x86.ActiveCfg = Release|Win32
		{9F100428-3432-4874-80DE-C05B77FC8489}.Release|x86.Build.0 = Release|Win32
	EndGlobalSection
	GlobalSection(SolutionProperties) = preSolution
		HideSolutionNode = FALSE
	EndGlobalSection
	GlobalSection(ExtensibilityGlobals) = postSolution
		SolutionGuid = {B0B632EA-CF63-4805-9E23-E2965AE5D1D6}
	EndGlobalSection
EndGlobal
